{
  "nodes": {
    "binaryninja-nix": {
      "inputs": {
        "nixpkgs": "nixpkgs"
      },
      "locked": {
        "lastModified": 1637345441,
        "narHash": "sha256-nuXhsTrcN99RSWP7MjuGRLHbd2cdo9QYDfdpSjPDcro=",
        "owner": "XMPPwocky",
        "repo": "binaryninja-nix",
        "rev": "0905fce76c47927345fa4350c839d8c1e2c0dbee",
        "type": "github"
      },
      "original": {
        "owner": "XMPPwocky",
        "repo": "binaryninja-nix",
        "type": "github"
      }
    },
    "home-manager": {
      "inputs": {
        "nixpkgs": [
          "nixpkgs"
        ]
      },
      "locked": {
        "lastModified": 1637915295,
        "narHash": "sha256-jWW2Q83O4O/TV3PDsZkEo0bhKzlLBhJ5CGqQFMM05lE=",
        "owner": "nix-community",
        "repo": "home-manager",
        "rev": "a28cf79a78040b4e6d8d50a39760a296d5e95dd6",
        "type": "github"
      },
      "original": {
        "owner": "nix-community",
        "repo": "home-manager",
        "type": "github"
      }
    },
    "nixpkgs": {
      "locked": {
        "lastModified": 1637344898,
        "narHash": "sha256-7CcVA8Ul2RmnQ+EWeM6V/2P+nDgvxLWrWPaI7jOKvCc=",
        "owner": "NixOS",
        "repo": "nixpkgs",
        "rev": "74ec351fc2c13d3e0f3bb8345cc14b193650d517",
        "type": "github"
      },
      "original": {
        "id": "nixpkgs",
        "type": "indirect"
      }
    },
    "nixpkgs_2": {
      "locked": {
        "lastModified": 1637841632,
        "narHash": "sha256-QYqiKHdda0EOnLGQCHE+GluD/Lq2EJj4hVTooPM55Ic=",
        "owner": "nixos",
        "repo": "nixpkgs",
        "rev": "73369f8d0864854d1acfa7f1e6217f7d6b6e3fa1",
        "type": "github"
      },
      "original": {
        "owner": "nixos",
        "ref": "nixos-unstable",
        "repo": "nixpkgs",
        "type": "github"
      }
    },
    "root": {
      "inputs": {
        "binaryninja-nix": "binaryninja-nix",
        "home-manager": "home-manager",
        "nixpkgs": "nixpkgs_2"
      }
    }
  },
  "root": "root",
  "version": 7
}
