{
  "nodes": {
    "binaryninja-nix": {
      "inputs": {
        "nixpkgs": "nixpkgs"
      },
      "locked": {
        "lastModified": 1637345441,
        "narHash": "sha256-nuXhsTrcN99RSWP7MjuGRLHbd2cdo9QYDfdpSjPDcro=",
        "owner": "XMPPwocky",
        "repo": "binaryninja-nix",
        "rev": "0905fce76c47927345fa4350c839d8c1e2c0dbee",
        "type": "github"
      },
      "original": {
        "owner": "XMPPwocky",
        "repo": "binaryninja-nix",
        "type": "github"
      }
    },
    "home-manager": {
      "inputs": {
        "nixpkgs": "nixpkgs_2"
      },
      "locked": {
        "lastModified": 1637481586,
        "narHash": "sha256-cvgegmCRfNFuA/vPseMcSptmlNqD2nC0lLI9BQWU46A=",
        "owner": "nix-community",
        "repo": "home-manager",
        "rev": "1abd311eef125e7b64dff723f198d15e5aca2dd4",
        "type": "github"
      },
      "original": {
        "owner": "nix-community",
        "repo": "home-manager",
        "type": "github"
      }
    },
    "nixpkgs": {
      "locked": {
        "lastModified": 1637344898,
        "narHash": "sha256-7CcVA8Ul2RmnQ+EWeM6V/2P+nDgvxLWrWPaI7jOKvCc=",
        "owner": "NixOS",
        "repo": "nixpkgs",
        "rev": "74ec351fc2c13d3e0f3bb8345cc14b193650d517",
        "type": "github"
      },
      "original": {
        "id": "nixpkgs",
        "type": "indirect"
      }
    },
    "nixpkgs_2": {
      "locked": {
        "lastModified": 1637509688,
        "narHash": "sha256-NcKdyLZflWeSrwgavNGIG7LcP6XBcYGne04HIzWP1D4=",
        "owner": "NixOS",
        "repo": "nixpkgs",
        "rev": "53edfe1d1c51c38e2adc4d8eb37a7a2657e3fe01",
        "type": "github"
      },
      "original": {
        "id": "nixpkgs",
        "type": "indirect"
      }
    },
    "nixpkgs_3": {
      "locked": {
        "lastModified": 1637155076,
        "narHash": "sha256-26ZPNiuzlsnXpt55Q44+yzXvp385aNAfevzVEKbrU5Q=",
        "owner": "nixos",
        "repo": "nixpkgs",
        "rev": "715f63411952c86c8f57ab9e3e3cb866a015b5f2",
        "type": "github"
      },
      "original": {
        "owner": "nixos",
        "ref": "nixos-unstable",
        "repo": "nixpkgs",
        "type": "github"
      }
    },
    "root": {
      "inputs": {
        "binaryninja-nix": "binaryninja-nix",
        "home-manager": "home-manager",
        "nixpkgs": "nixpkgs_3"
      }
    }
  },
  "root": "root",
  "version": 7
}
