{
  "nodes": {
    "binaryninja-nix": {
      "inputs": {
        "nixpkgs": "nixpkgs"
      },
      "locked": {
        "lastModified": 1637345441,
        "narHash": "sha256-nuXhsTrcN99RSWP7MjuGRLHbd2cdo9QYDfdpSjPDcro=",
        "owner": "XMPPwocky",
        "repo": "binaryninja-nix",
        "rev": "0905fce76c47927345fa4350c839d8c1e2c0dbee",
        "type": "github"
      },
      "original": {
        "owner": "XMPPwocky",
        "repo": "binaryninja-nix",
        "type": "github"
      }
    },
    "home-manager": {
      "inputs": {
        "nixpkgs": "nixpkgs_2"
      },
      "locked": {
        "lastModified": 1637721183,
        "narHash": "sha256-4CAKKxrt9l0Hbl57Uypo7ol93Ko+5Yn+7xWWCMUyHQ8=",
        "owner": "nix-community",
        "repo": "home-manager",
        "rev": "df931a59a5864d6ff0c5d83598135816f8593647",
        "type": "github"
      },
      "original": {
        "owner": "nix-community",
        "repo": "home-manager",
        "type": "github"
      }
    },
    "nixpkgs": {
      "locked": {
        "lastModified": 1637344898,
        "narHash": "sha256-7CcVA8Ul2RmnQ+EWeM6V/2P+nDgvxLWrWPaI7jOKvCc=",
        "owner": "NixOS",
        "repo": "nixpkgs",
        "rev": "74ec351fc2c13d3e0f3bb8345cc14b193650d517",
        "type": "github"
      },
      "original": {
        "id": "nixpkgs",
        "type": "indirect"
      }
    },
    "nixpkgs_2": {
      "locked": {
        "lastModified": 1637733183,
        "narHash": "sha256-kL0qZzgjhse3YjjJUXE41XBBb9zXHDZp2QcouPsJOc4=",
        "owner": "NixOS",
        "repo": "nixpkgs",
        "rev": "cee6c6ca4e65fa0c5931968bd03e404ba3436072",
        "type": "github"
      },
      "original": {
        "id": "nixpkgs",
        "type": "indirect"
      }
    },
    "nixpkgs_3": {
      "locked": {
        "lastModified": 1637595801,
        "narHash": "sha256-LkIMwVFKCuEqidaUdg8uxwpESAXjsPo4oCz3eJ7RaRw=",
        "owner": "nixos",
        "repo": "nixpkgs",
        "rev": "263ef4cc4146c9fab808085487438c625d4426a9",
        "type": "github"
      },
      "original": {
        "owner": "nixos",
        "ref": "nixos-unstable",
        "repo": "nixpkgs",
        "type": "github"
      }
    },
    "root": {
      "inputs": {
        "binaryninja-nix": "binaryninja-nix",
        "home-manager": "home-manager",
        "nixpkgs": "nixpkgs_3"
      }
    }
  },
  "root": "root",
  "version": 7
}
